
Microsoft Visual Studio Solution File, Format Version 12.00
# Visual Studio Version 17
VisualStudioVersion = 17.9.34723.18
MinimumVisualStudioVersion = 10.0.40219.1
Project("{9A19103F-16F7-4668-BE54-9A1E7A4F7556}") = "CalculatorApp", "CalculatorApp\CalculatorApp.csproj", "{D6964DEF-BCD3-4F90-9014-F8E998F0681E}"
EndProject
Project("{9A19103F-16F7-4668-BE54-9A1E7A4F7556}") = "WeatherApp", "WeatherApp\WeatherApp.csproj", "{C4E95CA8-3C1F-40BA-8FBA-EF9E702677A2}"
EndProject
Project("{FAE04EC0-301F-11D3-BF4B-00C04F79EFBC}") = "ExpenseTrackerApp", "ExpenseTrackerApp\ExpenseTrackerApp.csproj", "{D9B45751-9209-4B38-BB62-B6F6894D5B16}"
EndProject
Global
	GlobalSection(SolutionConfigurationPlatforms) = preSolution
		Debug|Any CPU = Debug|Any CPU
		Release|Any CPU = Release|Any CPU
	EndGlobalSection
	GlobalSection(ProjectConfigurationPlatforms) = postSolution
		{D6964DEF-BCD3-4F90-9014-F8E998F0681E}.Debug|Any CPU.ActiveCfg = Debug|Any CPU
		{D6964DEF-BCD3-4F90-9014-F8E998F0681E}.Debug|Any CPU.Build.0 = Debug|Any CPU
		{D6964DEF-BCD3-4F90-9014-F8E998F0681E}.Release|Any CPU.ActiveCfg = Release|Any CPU
		{D6964DEF-BCD3-4F90-9014-F8E998F0681E}.Release|Any CPU.Build.0 = Release|Any CPU
		{C4E95CA8-3C1F-40BA-8FBA-EF9E702677A2}.Debug|Any CPU.ActiveCfg = Debug|Any CPU
		{C4E95CA8-3C1F-40BA-8FBA-EF9E702677A2}.Debug|Any CPU.Build.0 = Debug|Any CPU
		{C4E95CA8-3C1F-40BA-8FBA-EF9E702677A2}.Release|Any CPU.ActiveCfg = Release|Any CPU
		{C4E95CA8-3C1F-40BA-8FBA-EF9E702677A2}.Release|Any CPU.Build.0 = Release|Any CPU
		{D9B45751-9209-4B38-BB62-B6F6894D5B16}.Debug|Any CPU.ActiveCfg = Debug|Any CPU
		{D9B45751-9209-4B38-BB62-B6F6894D5B16}.Debug|Any CPU.Build.0 = Debug|Any CPU
		{D9B45751-9209-4B38-BB62-B6F6894D5B16}.Release|Any CPU.ActiveCfg = Release|Any CPU
		{D9B45751-9209-4B38-BB62-B6F6894D5B16}.Release|Any CPU.Build.0 = Release|Any CPU
	EndGlobalSection
	GlobalSection(SolutionProperties) = preSolution
		HideSolutionNode = FALSE
	EndGlobalSection
	GlobalSection(ExtensibilityGlobals) = postSolution
		SolutionGuid = {2DEAF4C8-C81E-46CC-B9A3-61406E879985}
	EndGlobalSection
EndGlobal
